// !$*UTF8*$!
{
	archiveVersion = 1;
	classes = {
	};
	objectVersion = 46;
	objects = {

/* Begin PBXBuildFile section */
		6F2449BE19FDBC6E002CA221 /* credits.png in Resources */ = {isa = PBXBuildFile; fileRef = 6F2449B619FDBC6E002CA221 /* credits.png */; };
		6F2449BF19FDBC6E002CA221 /* globalHighscores.png in Resources */ = {isa = PBXBuildFile; fileRef = 6F2449B719FDBC6E002CA221 /* globalHighscores.png */; };
		6F2449C019FDBC6E002CA221 /* Instructions.png in Resources */ = {isa = PBXBuildFile; fileRef = 6F2449B819FDBC6E002CA221 /* Instructions.png */; };
		6F2449C119FDBC6E002CA221 /* localHighscores.png in Resources */ = {isa = PBXBuildFile; fileRef = 6F2449B919FDBC6E002CA221 /* localHighscores.png */; };
		6F2449C219FDBC6E002CA221 /* SA.png in Resources */ = {isa = PBXBuildFile; fileRef = 6F2449BA19FDBC6E002CA221 /* SA.png */; };
		6F2449C419FDBC6E002CA221 /* StartGame.png in Resources */ = {isa = PBXBuildFile; fileRef = 6F2449BC19FDBC6E002CA221 /* StartGame.png */; };
		6F2449C519FDBC6E002CA221 /* Thumbs.db in Resources */ = {isa = PBXBuildFile; fileRef = 6F2449BD19FDBC6E002CA221 /* Thumbs.db */; };
		6F2449D019FDBDC0002CA221 /* credits.png in Resources */ = {isa = PBXBuildFile; fileRef = 6F2449C619FDBDC0002CA221 /* credits.png */; };
		6F2449D119FDBDC0002CA221 /* globalHighscores.png in Resources */ = {isa = PBXBuildFile; fileRef = 6F2449C719FDBDC0002CA221 /* globalHighscores.png */; };
		6F2449D219FDBDC0002CA221 /* Instructions.png in Resources */ = {isa = PBXBuildFile; fileRef = 6F2449C819FDBDC0002CA221 /* Instructions.png */; };
		6F2449D319FDBDC0002CA221 /* localHighscores.png in Resources */ = {isa = PBXBuildFile; fileRef = 6F2449C919FDBDC0002CA221 /* localHighscores.png */; };
		6F2449D419FDBDC0002CA221 /* SA.png in Resources */ = {isa = PBXBuildFile; fileRef = 6F2449CA19FDBDC0002CA221 /* SA.png */; };
		6F2449D619FDBDC0002CA221 /* StartGame.png in Resources */ = {isa = PBXBuildFile; fileRef = 6F2449CC19FDBDC0002CA221 /* StartGame.png */; };
		6F2449D719FDBDC0002CA221 /* conde.jpg in Resources */ = {isa = PBXBuildFile; fileRef = 6F2449CD19FDBDC0002CA221 /* conde.jpg */; };
		6F2449D819FDBDC0002CA221 /* enrique.jpg in Resources */ = {isa = PBXBuildFile; fileRef = 6F2449CE19FDBDC0002CA221 /* enrique.jpg */; };
		6F2449D919FDBDC0002CA221 /* javi.jpg in Resources */ = {isa = PBXBuildFile; fileRef = 6F2449CF19FDBDC0002CA221 /* javi.jpg */; };
		6F63D14E1A19A6AE001B3682 /* backgroundJuego.png in Resources */ = {isa = PBXBuildFile; fileRef = 6F63D14D1A19A6AE001B3682 /* backgroundJuego.png */; };
		6F63D1511A19AF0D001B3682 /* LocalHighscores.m in Sources */ = {isa = PBXBuildFile; fileRef = 6F63D1501A19AF0D001B3682 /* LocalHighscores.m */; };
		6F912F081A1C109900B4CE73 /* NombreViewController.m in Sources */ = {isa = PBXBuildFile; fileRef = 6F912F071A1C109900B4CE73 /* NombreViewController.m */; };
		6F912F0A1A1C159700B4CE73 /* CoreMotion.framework in Frameworks */ = {isa = PBXBuildFile; fileRef = 6F912F091A1C159700B4CE73 /* CoreMotion.framework */; };
		6F9FCBFC19F85B3A00392670 /* main.m in Sources */ = {isa = PBXBuildFile; fileRef = 6F9FCBFB19F85B3A00392670 /* main.m */; };
		6F9FCBFF19F85B3A00392670 /* AppDelegate.m in Sources */ = {isa = PBXBuildFile; fileRef = 6F9FCBFE19F85B3A00392670 /* AppDelegate.m */; };
		6F9FCC0219F85B3A00392670 /* GameScene.m in Sources */ = {isa = PBXBuildFile; fileRef = 6F9FCC0119F85B3A00392670 /* GameScene.m */; };
		6F9FCC0419F85B3A00392670 /* GameScene.sks in Resources */ = {isa = PBXBuildFile; fileRef = 6F9FCC0319F85B3A00392670 /* GameScene.sks */; };
		6F9FCC0719F85B3A00392670 /* GameViewController.m in Sources */ = {isa = PBXBuildFile; fileRef = 6F9FCC0619F85B3A00392670 /* GameViewController.m */; };
		6F9FCC0A19F85B3A00392670 /* Main.storyboard in Resources */ = {isa = PBXBuildFile; fileRef = 6F9FCC0819F85B3A00392670 /* Main.storyboard */; };
		6F9FCC0C19F85B3A00392670 /* Images.xcassets in Resources */ = {isa = PBXBuildFile; fileRef = 6F9FCC0B19F85B3A00392670 /* Images.xcassets */; };
		6F9FCC0F19F85B3A00392670 /* LaunchScreen.xib in Resources */ = {isa = PBXBuildFile; fileRef = 6F9FCC0D19F85B3A00392670 /* LaunchScreen.xib */; };
		6F9FCC1B19F85B3A00392670 /* Spaceship_Armada_SANDBOXTests.m in Sources */ = {isa = PBXBuildFile; fileRef = 6F9FCC1A19F85B3A00392670 /* Spaceship_Armada_SANDBOXTests.m */; };
		6FEF56741A14291300767F83 /* bullet1.png in Resources */ = {isa = PBXBuildFile; fileRef = 6FEF566C1A14291300767F83 /* bullet1.png */; };
		6FEF56751A14291300767F83 /* bullet2_blue.png in Resources */ = {isa = PBXBuildFile; fileRef = 6FEF566D1A14291300767F83 /* bullet2_blue.png */; };
		6FEF56761A14291300767F83 /* bullet2_green.png in Resources */ = {isa = PBXBuildFile; fileRef = 6FEF566E1A14291300767F83 /* bullet2_green.png */; };
		6FEF56771A14291300767F83 /* bullet2_red.png in Resources */ = {isa = PBXBuildFile; fileRef = 6FEF566F1A14291300767F83 /* bullet2_red.png */; };
		6FEF56781A14291300767F83 /* bullet2.png in Resources */ = {isa = PBXBuildFile; fileRef = 6FEF56701A14291300767F83 /* bullet2.png */; };
		6FEF567A1A14291300767F83 /* naveEnemiga2.png in Resources */ = {isa = PBXBuildFile; fileRef = 6FEF56721A14291300767F83 /* naveEnemiga2.png */; };
		6FEF567B1A14291300767F83 /* naveJugador.png in Resources */ = {isa = PBXBuildFile; fileRef = 6FEF56731A14291300767F83 /* naveJugador.png */; };
		6FF14C291A21830800E9FF20 /* naveEnemiga.png in Resources */ = {isa = PBXBuildFile; fileRef = 6FF14C281A21830800E9FF20 /* naveEnemiga.png */; };
		6FF14C2B1A21835E00E9FF20 /* navePrincipal2.png in Resources */ = {isa = PBXBuildFile; fileRef = 6FF14C2A1A21835E00E9FF20 /* navePrincipal2.png */; };
		6FF14C2F1A2183D100E9FF20 /* play_button.png in Resources */ = {isa = PBXBuildFile; fileRef = 6FF14C2C1A2183D100E9FF20 /* play_button.png */; };
		6FF14C301A2183D100E9FF20 /* ins_label.png in Resources */ = {isa = PBXBuildFile; fileRef = 6FF14C2D1A2183D100E9FF20 /* ins_label.png */; };
		6FF14C311A2183D100E9FF20 /* nombres.png in Resources */ = {isa = PBXBuildFile; fileRef = 6FF14C2E1A2183D100E9FF20 /* nombres.png */; };
		6FF14C331A21860B00E9FF20 /* green_bullet.png in Resources */ = {isa = PBXBuildFile; fileRef = 6FF14C321A21860B00E9FF20 /* green_bullet.png */; };
		6FF14C351A2196B800E9FF20 /* libsqlite3.0.dylib in Frameworks */ = {isa = PBXBuildFile; fileRef = 6FF14C341A2196B700E9FF20 /* libsqlite3.0.dylib */; };
		6FF14C371A2196CF00E9FF20 /* libsqlite3.dylib in Frameworks */ = {isa = PBXBuildFile; fileRef = 6FF14C361A2196CF00E9FF20 /* libsqlite3.dylib */; };
		6FF14C391A21971400E9FF20 /* UIKit.framework in Frameworks */ = {isa = PBXBuildFile; fileRef = 6FF14C381A21971400E9FF20 /* UIKit.framework */; };
		6FF14C3B1A21971D00E9FF20 /* Foundation.framework in Frameworks */ = {isa = PBXBuildFile; fileRef = 6FF14C3A1A21971D00E9FF20 /* Foundation.framework */; };
		6FF9B28C1A0C474900C80BE6 /* Bala.m in Sources */ = {isa = PBXBuildFile; fileRef = 6FF9B28B1A0C474900C80BE6 /* Bala.m */; };
		6FF9B28F1A0C47B100C80BE6 /* HighscoreList.m in Sources */ = {isa = PBXBuildFile; fileRef = 6FF9B28E1A0C47B100C80BE6 /* HighscoreList.m */; };
		FB22D2F31A1FF4A4008F0F8A /* boss.mp3 in Resources */ = {isa = PBXBuildFile; fileRef = FB22D2F01A1FF4A4008F0F8A /* boss.mp3 */; };
		FB22D2F41A1FF4A4008F0F8A /* menu.mp3 in Resources */ = {isa = PBXBuildFile; fileRef = FB22D2F11A1FF4A4008F0F8A /* menu.mp3 */; };
		FB22D2F51A1FF4A4008F0F8A /* music.mp3 in Resources */ = {isa = PBXBuildFile; fileRef = FB22D2F21A1FF4A4008F0F8A /* music.mp3 */; };
/* End PBXBuildFile section */

/* Begin PBXContainerItemProxy section */
		6F9FCC1519F85B3A00392670 /* PBXContainerItemProxy */ = {
			isa = PBXContainerItemProxy;
			containerPortal = 6F9FCBEE19F85B3A00392670 /* Project object */;
			proxyType = 1;
			remoteGlobalIDString = 6F9FCBF519F85B3A00392670;
			remoteInfo = Spaceship_Armada_SANDBOX;
		};
/* End PBXContainerItemProxy section */

/* Begin PBXFileReference section */
		6F2449B619FDBC6E002CA221 /* credits.png */ = {isa = PBXFileReference; lastKnownFileType = image.png; path = credits.png; sourceTree = "<group>"; };
		6F2449B719FDBC6E002CA221 /* globalHighscores.png */ = {isa = PBXFileReference; lastKnownFileType = image.png; path = globalHighscores.png; sourceTree = "<group>"; };
		6F2449B819FDBC6E002CA221 /* Instructions.png */ = {isa = PBXFileReference; lastKnownFileType = image.png; path = Instructions.png; sourceTree = "<group>"; };
		6F2449B919FDBC6E002CA221 /* localHighscores.png */ = {isa = PBXFileReference; lastKnownFileType = image.png; path = localHighscores.png; sourceTree = "<group>"; };
		6F2449BA19FDBC6E002CA221 /* SA.png */ = {isa = PBXFileReference; lastKnownFileType = image.png; path = SA.png; sourceTree = "<group>"; };
		6F2449BC19FDBC6E002CA221 /* StartGame.png */ = {isa = PBXFileReference; lastKnownFileType = image.png; path = StartGame.png; sourceTree = "<group>"; };
		6F2449BD19FDBC6E002CA221 /* Thumbs.db */ = {isa = PBXFileReference; lastKnownFileType = file; path = Thumbs.db; sourceTree = "<group>"; };
		6F2449C619FDBDC0002CA221 /* credits.png */ = {isa = PBXFileReference; lastKnownFileType = image.png; name = credits.png; path = ../../credits.png; sourceTree = "<group>"; };
		6F2449C719FDBDC0002CA221 /* globalHighscores.png */ = {isa = PBXFileReference; lastKnownFileType = image.png; name = globalHighscores.png; path = ../../globalHighscores.png; sourceTree = "<group>"; };
		6F2449C819FDBDC0002CA221 /* Instructions.png */ = {isa = PBXFileReference; lastKnownFileType = image.png; name = Instructions.png; path = ../../Instructions.png; sourceTree = "<group>"; };
		6F2449C919FDBDC0002CA221 /* localHighscores.png */ = {isa = PBXFileReference; lastKnownFileType = image.png; name = localHighscores.png; path = ../../localHighscores.png; sourceTree = "<group>"; };
		6F2449CA19FDBDC0002CA221 /* SA.png */ = {isa = PBXFileReference; lastKnownFileType = image.png; name = SA.png; path = ../../SA.png; sourceTree = "<group>"; };
		6F2449CC19FDBDC0002CA221 /* StartGame.png */ = {isa = PBXFileReference; lastKnownFileType = image.png; name = StartGame.png; path = ../../StartGame.png; sourceTree = "<group>"; };
		6F2449CD19FDBDC0002CA221 /* conde.jpg */ = {isa = PBXFileReference; lastKnownFileType = image.jpeg; name = conde.jpg; path = ../../conde.jpg; sourceTree = "<group>"; };
		6F2449CE19FDBDC0002CA221 /* enrique.jpg */ = {isa = PBXFileReference; lastKnownFileType = image.jpeg; name = enrique.jpg; path = ../../enrique.jpg; sourceTree = "<group>"; };
		6F2449CF19FDBDC0002CA221 /* javi.jpg */ = {isa = PBXFileReference; lastKnownFileType = image.jpeg; name = javi.jpg; path = ../../javi.jpg; sourceTree = "<group>"; };
		6F63D14D1A19A6AE001B3682 /* backgroundJuego.png */ = {isa = PBXFileReference; lastKnownFileType = image.png; name = backgroundJuego.png; path = ../backgroundJuego.png; sourceTree = "<group>"; };
		6F63D14F1A19AF0D001B3682 /* LocalHighscores.h */ = {isa = PBXFileReference; fileEncoding = 4; lastKnownFileType = sourcecode.c.h; path = LocalHighscores.h; sourceTree = "<group>"; };
		6F63D1501A19AF0D001B3682 /* LocalHighscores.m */ = {isa = PBXFileReference; fileEncoding = 4; lastKnownFileType = sourcecode.c.objc; path = LocalHighscores.m; sourceTree = "<group>"; };
		6F912F061A1C109900B4CE73 /* NombreViewController.h */ = {isa = PBXFileReference; fileEncoding = 4; lastKnownFileType = sourcecode.c.h; path = NombreViewController.h; sourceTree = "<group>"; };
		6F912F071A1C109900B4CE73 /* NombreViewController.m */ = {isa = PBXFileReference; fileEncoding = 4; lastKnownFileType = sourcecode.c.objc; path = NombreViewController.m; sourceTree = "<group>"; };
		6F912F091A1C159700B4CE73 /* CoreMotion.framework */ = {isa = PBXFileReference; lastKnownFileType = wrapper.framework; name = CoreMotion.framework; path = System/Library/Frameworks/CoreMotion.framework; sourceTree = SDKROOT; };
		6F9FCBF619F85B3A00392670 /* Spaceship_Armada_SANDBOX.app */ = {isa = PBXFileReference; explicitFileType = wrapper.application; includeInIndex = 0; path = Spaceship_Armada_SANDBOX.app; sourceTree = BUILT_PRODUCTS_DIR; };
		6F9FCBFA19F85B3A00392670 /* Info.plist */ = {isa = PBXFileReference; lastKnownFileType = text.plist.xml; path = Info.plist; sourceTree = "<group>"; };
		6F9FCBFB19F85B3A00392670 /* main.m */ = {isa = PBXFileReference; lastKnownFileType = sourcecode.c.objc; path = main.m; sourceTree = "<group>"; };
		6F9FCBFD19F85B3A00392670 /* AppDelegate.h */ = {isa = PBXFileReference; lastKnownFileType = sourcecode.c.h; path = AppDelegate.h; sourceTree = "<group>"; };
		6F9FCBFE19F85B3A00392670 /* AppDelegate.m */ = {isa = PBXFileReference; lastKnownFileType = sourcecode.c.objc; path = AppDelegate.m; sourceTree = "<group>"; };
		6F9FCC0019F85B3A00392670 /* GameScene.h */ = {isa = PBXFileReference; lastKnownFileType = sourcecode.c.h; path = GameScene.h; sourceTree = "<group>"; };
		6F9FCC0119F85B3A00392670 /* GameScene.m */ = {isa = PBXFileReference; lastKnownFileType = sourcecode.c.objc; path = GameScene.m; sourceTree = "<group>"; };
		6F9FCC0319F85B3A00392670 /* GameScene.sks */ = {isa = PBXFileReference; lastKnownFileType = file.sks; path = GameScene.sks; sourceTree = "<group>"; };
		6F9FCC0519F85B3A00392670 /* GameViewController.h */ = {isa = PBXFileReference; lastKnownFileType = sourcecode.c.h; path = GameViewController.h; sourceTree = "<group>"; };
		6F9FCC0619F85B3A00392670 /* GameViewController.m */ = {isa = PBXFileReference; lastKnownFileType = sourcecode.c.objc; path = GameViewController.m; sourceTree = "<group>"; };
		6F9FCC0919F85B3A00392670 /* Base */ = {isa = PBXFileReference; lastKnownFileType = file.storyboard; name = Base; path = Base.lproj/Main.storyboard; sourceTree = "<group>"; };
		6F9FCC0B19F85B3A00392670 /* Images.xcassets */ = {isa = PBXFileReference; lastKnownFileType = folder.assetcatalog; path = Images.xcassets; sourceTree = "<group>"; };
		6F9FCC0E19F85B3A00392670 /* Base */ = {isa = PBXFileReference; lastKnownFileType = file.xib; name = Base; path = Base.lproj/LaunchScreen.xib; sourceTree = "<group>"; };
		6F9FCC1419F85B3A00392670 /* Spaceship_Armada_SANDBOXTests.xctest */ = {isa = PBXFileReference; explicitFileType = wrapper.cfbundle; includeInIndex = 0; path = Spaceship_Armada_SANDBOXTests.xctest; sourceTree = BUILT_PRODUCTS_DIR; };
		6F9FCC1919F85B3A00392670 /* Info.plist */ = {isa = PBXFileReference; lastKnownFileType = text.plist.xml; path = Info.plist; sourceTree = "<group>"; };
		6F9FCC1A19F85B3A00392670 /* Spaceship_Armada_SANDBOXTests.m */ = {isa = PBXFileReference; lastKnownFileType = sourcecode.c.objc; path = Spaceship_Armada_SANDBOXTests.m; sourceTree = "<group>"; };
		6FEF566C1A14291300767F83 /* bullet1.png */ = {isa = PBXFileReference; lastKnownFileType = image.png; name = bullet1.png; path = ../../bullet1.png; sourceTree = "<group>"; };
		6FEF566D1A14291300767F83 /* bullet2_blue.png */ = {isa = PBXFileReference; lastKnownFileType = image.png; name = bullet2_blue.png; path = ../../bullet2_blue.png; sourceTree = "<group>"; };
		6FEF566E1A14291300767F83 /* bullet2_green.png */ = {isa = PBXFileReference; lastKnownFileType = image.png; name = bullet2_green.png; path = ../../bullet2_green.png; sourceTree = "<group>"; };
		6FEF566F1A14291300767F83 /* bullet2_red.png */ = {isa = PBXFileReference; lastKnownFileType = image.png; name = bullet2_red.png; path = ../../bullet2_red.png; sourceTree = "<group>"; };
		6FEF56701A14291300767F83 /* bullet2.png */ = {isa = PBXFileReference; lastKnownFileType = image.png; name = bullet2.png; path = ../../bullet2.png; sourceTree = "<group>"; };
		6FEF56721A14291300767F83 /* naveEnemiga2.png */ = {isa = PBXFileReference; lastKnownFileType = image.png; name = naveEnemiga2.png; path = ../../naveEnemiga2.png; sourceTree = "<group>"; };
		6FEF56731A14291300767F83 /* naveJugador.png */ = {isa = PBXFileReference; lastKnownFileType = image.png; name = naveJugador.png; path = ../../naveJugador.png; sourceTree = "<group>"; };
		6FF14C281A21830800E9FF20 /* naveEnemiga.png */ = {isa = PBXFileReference; lastKnownFileType = image.png; name = naveEnemiga.png; path = ../naveEnemiga.png; sourceTree = "<group>"; };
		6FF14C2A1A21835E00E9FF20 /* navePrincipal2.png */ = {isa = PBXFileReference; lastKnownFileType = image.png; name = navePrincipal2.png; path = ../navePrincipal2.png; sourceTree = "<group>"; };
		6FF14C2C1A2183D100E9FF20 /* play_button.png */ = {isa = PBXFileReference; lastKnownFileType = image.png; path = play_button.png; sourceTree = "<group>"; };
		6FF14C2D1A2183D100E9FF20 /* ins_label.png */ = {isa = PBXFileReference; lastKnownFileType = image.png; path = ins_label.png; sourceTree = "<group>"; };
		6FF14C2E1A2183D100E9FF20 /* nombres.png */ = {isa = PBXFileReference; lastKnownFileType = image.png; path = nombres.png; sourceTree = "<group>"; };
		6FF14C321A21860B00E9FF20 /* green_bullet.png */ = {isa = PBXFileReference; lastKnownFileType = image.png; path = green_bullet.png; sourceTree = "<group>"; };
		6FF14C341A2196B700E9FF20 /* libsqlite3.0.dylib */ = {isa = PBXFileReference; lastKnownFileType = "compiled.mach-o.dylib"; name = libsqlite3.0.dylib; path = usr/lib/libsqlite3.0.dylib; sourceTree = SDKROOT; };
		6FF14C361A2196CF00E9FF20 /* libsqlite3.dylib */ = {isa = PBXFileReference; lastKnownFileType = "compiled.mach-o.dylib"; name = libsqlite3.dylib; path = usr/lib/libsqlite3.dylib; sourceTree = SDKROOT; };
		6FF14C381A21971400E9FF20 /* UIKit.framework */ = {isa = PBXFileReference; lastKnownFileType = wrapper.framework; name = UIKit.framework; path = System/Library/Frameworks/UIKit.framework; sourceTree = SDKROOT; };
		6FF14C3A1A21971D00E9FF20 /* Foundation.framework */ = {isa = PBXFileReference; lastKnownFileType = wrapper.framework; name = Foundation.framework; path = System/Library/Frameworks/Foundation.framework; sourceTree = SDKROOT; };
		6FF9B28A1A0C474900C80BE6 /* Bala.h */ = {isa = PBXFileReference; fileEncoding = 4; lastKnownFileType = sourcecode.c.h; path = Bala.h; sourceTree = "<group>"; };
		6FF9B28B1A0C474900C80BE6 /* Bala.m */ = {isa = PBXFileReference; fileEncoding = 4; lastKnownFileType = sourcecode.c.objc; path = Bala.m; sourceTree = "<group>"; };
		6FF9B28D1A0C47B100C80BE6 /* HighscoreList.h */ = {isa = PBXFileReference; fileEncoding = 4; lastKnownFileType = sourcecode.c.h; path = HighscoreList.h; sourceTree = "<group>"; };
		6FF9B28E1A0C47B100C80BE6 /* HighscoreList.m */ = {isa = PBXFileReference; fileEncoding = 4; lastKnownFileType = sourcecode.c.objc; path = HighscoreList.m; sourceTree = "<group>"; };
		FB22D2F01A1FF4A4008F0F8A /* boss.mp3 */ = {isa = PBXFileReference; lastKnownFileType = audio.mp3; name = boss.mp3; path = ../../boss.mp3; sourceTree = "<group>"; };
		FB22D2F11A1FF4A4008F0F8A /* menu.mp3 */ = {isa = PBXFileReference; lastKnownFileType = audio.mp3; name = menu.mp3; path = ../../menu.mp3; sourceTree = "<group>"; };
		FB22D2F21A1FF4A4008F0F8A /* music.mp3 */ = {isa = PBXFileReference; lastKnownFileType = audio.mp3; name = music.mp3; path = ../../music.mp3; sourceTree = "<group>"; };
/* End PBXFileReference section */

/* Begin PBXFrameworksBuildPhase section */
		6F9FCBF319F85B3A00392670 /* Frameworks */ = {
			isa = PBXFrameworksBuildPhase;
			buildActionMask = 2147483647;
			files = (
				6FF14C3B1A21971D00E9FF20 /* Foundation.framework in Frameworks */,
				6FF14C391A21971400E9FF20 /* UIKit.framework in Frameworks */,
				6FF14C371A2196CF00E9FF20 /* libsqlite3.dylib in Frameworks */,
				6FF14C351A2196B800E9FF20 /* libsqlite3.0.dylib in Frameworks */,
				6F912F0A1A1C159700B4CE73 /* CoreMotion.framework in Frameworks */,
			);
			runOnlyForDeploymentPostprocessing = 0;
		};
		6F9FCC1119F85B3A00392670 /* Frameworks */ = {
			isa = PBXFrameworksBuildPhase;
			buildActionMask = 2147483647;
			files = (
			);
			runOnlyForDeploymentPostprocessing = 0;
		};
/* End PBXFrameworksBuildPhase section */

/* Begin PBXGroup section */
		6F2449B519FDBC6E002CA221 /* Assets */ = {
			isa = PBXGroup;
			children = (
				FB22D2F01A1FF4A4008F0F8A /* boss.mp3 */,
				FB22D2F11A1FF4A4008F0F8A /* menu.mp3 */,
				FB22D2F21A1FF4A4008F0F8A /* music.mp3 */,
				6FF14C281A21830800E9FF20 /* naveEnemiga.png */,
				6FF14C2A1A21835E00E9FF20 /* navePrincipal2.png */,
				6F2449B619FDBC6E002CA221 /* credits.png */,
				6F63D14D1A19A6AE001B3682 /* backgroundJuego.png */,
				6FEF566C1A14291300767F83 /* bullet1.png */,
				6FEF566D1A14291300767F83 /* bullet2_blue.png */,
				6FEF566E1A14291300767F83 /* bullet2_green.png */,
				6FEF566F1A14291300767F83 /* bullet2_red.png */,
				6FF14C321A21860B00E9FF20 /* green_bullet.png */,
				6FEF56701A14291300767F83 /* bullet2.png */,
				6FEF56721A14291300767F83 /* naveEnemiga2.png */,
				6FEF56731A14291300767F83 /* naveJugador.png */,
				6F2449B719FDBC6E002CA221 /* globalHighscores.png */,
				6F2449B819FDBC6E002CA221 /* Instructions.png */,
				6F2449B919FDBC6E002CA221 /* localHighscores.png */,
				6F2449BA19FDBC6E002CA221 /* SA.png */,
				6F2449BC19FDBC6E002CA221 /* StartGame.png */,
				6F2449C619FDBDC0002CA221 /* credits.png */,
				6F2449C719FDBDC0002CA221 /* globalHighscores.png */,
				6F2449C819FDBDC0002CA221 /* Instructions.png */,
				6F2449C919FDBDC0002CA221 /* localHighscores.png */,
				6F2449CA19FDBDC0002CA221 /* SA.png */,
				6F2449CC19FDBDC0002CA221 /* StartGame.png */,
				6F2449CD19FDBDC0002CA221 /* conde.jpg */,
				6F2449CE19FDBDC0002CA221 /* enrique.jpg */,
				6F2449CF19FDBDC0002CA221 /* javi.jpg */,
				6F2449BD19FDBC6E002CA221 /* Thumbs.db */,
			);
			path = Assets;
			sourceTree = "<group>";
		};
		6F9FCBED19F85B3A00392670 = {
			isa = PBXGroup;
			children = (
				6FF14C3A1A21971D00E9FF20 /* Foundation.framework */,
				6FF14C381A21971400E9FF20 /* UIKit.framework */,
				6FF14C361A2196CF00E9FF20 /* libsqlite3.dylib */,
				6FF14C341A2196B700E9FF20 /* libsqlite3.0.dylib */,
				6F912F091A1C159700B4CE73 /* CoreMotion.framework */,
				6F9FCBF819F85B3A00392670 /* Spaceship_Armada_SANDBOX */,
				6F9FCC1719F85B3A00392670 /* Spaceship_Armada_SANDBOXTests */,
				6F9FCBF719F85B3A00392670 /* Products */,
			);
			sourceTree = "<group>";
		};
		6F9FCBF719F85B3A00392670 /* Products */ = {
			isa = PBXGroup;
			children = (
				6F9FCBF619F85B3A00392670 /* Spaceship_Armada_SANDBOX.app */,
				6F9FCC1419F85B3A00392670 /* Spaceship_Armada_SANDBOXTests.xctest */,
			);
			name = Products;
			sourceTree = "<group>";
		};
		6F9FCBF819F85B3A00392670 /* Spaceship_Armada_SANDBOX */ = {
			isa = PBXGroup;
			children = (
				6F9FCBFD19F85B3A00392670 /* AppDelegate.h */,
				6F9FCBFE19F85B3A00392670 /* AppDelegate.m */,
				6F9FCC0019F85B3A00392670 /* GameScene.h */,
				6F9FCC0119F85B3A00392670 /* GameScene.m */,
				6FF14C2C1A2183D100E9FF20 /* play_button.png */,
				6FF14C2D1A2183D100E9FF20 /* ins_label.png */,
				6FF14C2E1A2183D100E9FF20 /* nombres.png */,
				6F9FCC0319F85B3A00392670 /* GameScene.sks */,
				6F9FCC0519F85B3A00392670 /* GameViewController.h */,
				6F9FCC0619F85B3A00392670 /* GameViewController.m */,
				6F9FCC0819F85B3A00392670 /* Main.storyboard */,
				6F912F061A1C109900B4CE73 /* NombreViewController.h */,
				6F912F071A1C109900B4CE73 /* NombreViewController.m */,
				6F63D14F1A19AF0D001B3682 /* LocalHighscores.h */,
				6F63D1501A19AF0D001B3682 /* LocalHighscores.m */,
				6FF9B28A1A0C474900C80BE6 /* Bala.h */,
				6FF9B28B1A0C474900C80BE6 /* Bala.m */,
				6FF9B28D1A0C47B100C80BE6 /* HighscoreList.h */,
				6FF9B28E1A0C47B100C80BE6 /* HighscoreList.m */,
				6F9FCC0B19F85B3A00392670 /* Images.xcassets */,
				6F2449B519FDBC6E002CA221 /* Assets */,
				6F9FCC0D19F85B3A00392670 /* LaunchScreen.xib */,
				6F9FCBF919F85B3A00392670 /* Supporting Files */,
			);
			path = Spaceship_Armada_SANDBOX;
			sourceTree = "<group>";
		};
		6F9FCBF919F85B3A00392670 /* Supporting Files */ = {
			isa = PBXGroup;
			children = (
				6F9FCBFA19F85B3A00392670 /* Info.plist */,
				6F9FCBFB19F85B3A00392670 /* main.m */,
			);
			name = "Supporting Files";
			sourceTree = "<group>";
		};
		6F9FCC1719F85B3A00392670 /* Spaceship_Armada_SANDBOXTests */ = {
			isa = PBXGroup;
			children = (
				6F9FCC1A19F85B3A00392670 /* Spaceship_Armada_SANDBOXTests.m */,
				6F9FCC1819F85B3A00392670 /* Supporting Files */,
			);
			path = Spaceship_Armada_SANDBOXTests;
			sourceTree = "<group>";
		};
		6F9FCC1819F85B3A00392670 /* Supporting Files */ = {
			isa = PBXGroup;
			children = (
				6F9FCC1919F85B3A00392670 /* Info.plist */,
			);
			name = "Supporting Files";
			sourceTree = "<group>";
		};
/* End PBXGroup section */

/* Begin PBXNativeTarget section */
		6F9FCBF519F85B3A00392670 /* Spaceship_Armada_SANDBOX */ = {
			isa = PBXNativeTarget;
			buildConfigurationList = 6F9FCC1E19F85B3A00392670 /* Build configuration list for PBXNativeTarget "Spaceship_Armada_SANDBOX" */;
			buildPhases = (
				6F9FCBF219F85B3A00392670 /* Sources */,
				6F9FCBF319F85B3A00392670 /* Frameworks */,
				6F9FCBF419F85B3A00392670 /* Resources */,
			);
			buildRules = (
			);
			dependencies = (
			);
			name = Spaceship_Armada_SANDBOX;
			productName = Spaceship_Armada_SANDBOX;
			productReference = 6F9FCBF619F85B3A00392670 /* Spaceship_Armada_SANDBOX.app */;
			productType = "com.apple.product-type.application";
		};
		6F9FCC1319F85B3A00392670 /* Spaceship_Armada_SANDBOXTests */ = {
			isa = PBXNativeTarget;
			buildConfigurationList = 6F9FCC2119F85B3A00392670 /* Build configuration list for PBXNativeTarget "Spaceship_Armada_SANDBOXTests" */;
			buildPhases = (
				6F9FCC1019F85B3A00392670 /* Sources */,
				6F9FCC1119F85B3A00392670 /* Frameworks */,
				6F9FCC1219F85B3A00392670 /* Resources */,
			);
			buildRules = (
			);
			dependencies = (
				6F9FCC1619F85B3A00392670 /* PBXTargetDependency */,
			);
			name = Spaceship_Armada_SANDBOXTests;
			productName = Spaceship_Armada_SANDBOXTests;
			productReference = 6F9FCC1419F85B3A00392670 /* Spaceship_Armada_SANDBOXTests.xctest */;
			productType = "com.apple.product-type.bundle.unit-test";
		};
/* End PBXNativeTarget section */

/* Begin PBXProject section */
		6F9FCBEE19F85B3A00392670 /* Project object */ = {
			isa = PBXProject;
			attributes = {
				LastUpgradeCheck = 0600;
				ORGANIZATIONNAME = ITESM;
				TargetAttributes = {
					6F9FCBF519F85B3A00392670 = {
						CreatedOnToolsVersion = 6.0.1;
					};
					6F9FCC1319F85B3A00392670 = {
						CreatedOnToolsVersion = 6.0.1;
						TestTargetID = 6F9FCBF519F85B3A00392670;
					};
				};
			};
			buildConfigurationList = 6F9FCBF119F85B3A00392670 /* Build configuration list for PBXProject "Spaceship_Armada_SANDBOX" */;
			compatibilityVersion = "Xcode 3.2";
			developmentRegion = English;
			hasScannedForEncodings = 0;
			knownRegions = (
				en,
				Base,
			);
			mainGroup = 6F9FCBED19F85B3A00392670;
			productRefGroup = 6F9FCBF719F85B3A00392670 /* Products */;
			projectDirPath = "";
			projectRoot = "";
			targets = (
				6F9FCBF519F85B3A00392670 /* Spaceship_Armada_SANDBOX */,
				6F9FCC1319F85B3A00392670 /* Spaceship_Armada_SANDBOXTests */,
			);
		};
/* End PBXProject section */

/* Begin PBXResourcesBuildPhase section */
		6F9FCBF419F85B3A00392670 /* Resources */ = {
			isa = PBXResourcesBuildPhase;
			buildActionMask = 2147483647;
			files = (
				6FF14C2B1A21835E00E9FF20 /* navePrincipal2.png in Resources */,
				6F2449D319FDBDC0002CA221 /* localHighscores.png in Resources */,
				6FF14C331A21860B00E9FF20 /* green_bullet.png in Resources */,
				6FF14C301A2183D100E9FF20 /* ins_label.png in Resources */,
				6F2449D019FDBDC0002CA221 /* credits.png in Resources */,
				6FF14C311A2183D100E9FF20 /* nombres.png in Resources */,
				6FF14C291A21830800E9FF20 /* naveEnemiga.png in Resources */,
				6FEF56751A14291300767F83 /* bullet2_blue.png in Resources */,
				6F9FCC0F19F85B3A00392670 /* LaunchScreen.xib in Resources */,
				6F9FCC0C19F85B3A00392670 /* Images.xcassets in Resources */,
				6F2449D419FDBDC0002CA221 /* SA.png in Resources */,
				6FEF56771A14291300767F83 /* bullet2_red.png in Resources */,
				6FEF56761A14291300767F83 /* bullet2_green.png in Resources */,
				FB22D2F51A1FF4A4008F0F8A /* music.mp3 in Resources */,
				6FEF56781A14291300767F83 /* bullet2.png in Resources */,
				6F2449BE19FDBC6E002CA221 /* credits.png in Resources */,
				6F9FCC0419F85B3A00392670 /* GameScene.sks in Resources */,
				FB22D2F41A1FF4A4008F0F8A /* menu.mp3 in Resources */,
				FB22D2F31A1FF4A4008F0F8A /* boss.mp3 in Resources */,
				6F2449BF19FDBC6E002CA221 /* globalHighscores.png in Resources */,
				6F2449C419FDBC6E002CA221 /* StartGame.png in Resources */,
				6F63D14E1A19A6AE001B3682 /* backgroundJuego.png in Resources */,
				6F2449C519FDBC6E002CA221 /* Thumbs.db in Resources */,
				6F9FCC0A19F85B3A00392670 /* Main.storyboard in Resources */,
				6FEF567B1A14291300767F83 /* naveJugador.png in Resources */,
				6F2449C019FDBC6E002CA221 /* Instructions.png in Resources */,
				6F2449D719FDBDC0002CA221 /* conde.jpg in Resources */,
				6F2449D619FDBDC0002CA221 /* StartGame.png in Resources */,
				6F2449C219FDBC6E002CA221 /* SA.png in Resources */,
				6FEF567A1A14291300767F83 /* naveEnemiga2.png in Resources */,
				6F2449D819FDBDC0002CA221 /* enrique.jpg in Resources */,
				6F2449D919FDBDC0002CA221 /* javi.jpg in Resources */,
				6F2449D119FDBDC0002CA221 /* globalHighscores.png in Resources */,
				6F2449D219FDBDC0002CA221 /* Instructions.png in Resources */,
				6FEF56741A14291300767F83 /* bullet1.png in Resources */,
				6F2449C119FDBC6E002CA221 /* localHighscores.png in Resources */,
				6FF14C2F1A2183D100E9FF20 /* play_button.png in Resources */,
			);
			runOnlyForDeploymentPostprocessing = 0;
		};
		6F9FCC1219F85B3A00392670 /* Resources */ = {
			isa = PBXResourcesBuildPhase;
			buildActionMask = 2147483647;
			files = (
			);
			runOnlyForDeploymentPostprocessing = 0;
		};
/* End PBXResourcesBuildPhase section */

/* Begin PBXSourcesBuildPhase section */
		6F9FCBF219F85B3A00392670 /* Sources */ = {
			isa = PBXSourcesBuildPhase;
			buildActionMask = 2147483647;
			files = (
				6F9FCC0719F85B3A00392670 /* GameViewController.m in Sources */,
				6F912F081A1C109900B4CE73 /* NombreViewController.m in Sources */,
				6FF9B28C1A0C474900C80BE6 /* Bala.m in Sources */,
				6F63D1511A19AF0D001B3682 /* LocalHighscores.m in Sources */,
				6F9FCBFF19F85B3A00392670 /* AppDelegate.m in Sources */,
				6FF9B28F1A0C47B100C80BE6 /* HighscoreList.m in Sources */,
				6F9FCC0219F85B3A00392670 /* GameScene.m in Sources */,
				6F9FCBFC19F85B3A00392670 /* main.m in Sources */,
			);
			runOnlyForDeploymentPostprocessing = 0;
		};
		6F9FCC1019F85B3A00392670 /* Sources */ = {
			isa = PBXSourcesBuildPhase;
			buildActionMask = 2147483647;
			files = (
				6F9FCC1B19F85B3A00392670 /* Spaceship_Armada_SANDBOXTests.m in Sources */,
			);
			runOnlyForDeploymentPostprocessing = 0;
		};
/* End PBXSourcesBuildPhase section */

/* Begin PBXTargetDependency section */
		6F9FCC1619F85B3A00392670 /* PBXTargetDependency */ = {
			isa = PBXTargetDependency;
			target = 6F9FCBF519F85B3A00392670 /* Spaceship_Armada_SANDBOX */;
			targetProxy = 6F9FCC1519F85B3A00392670 /* PBXContainerItemProxy */;
		};
/* End PBXTargetDependency section */

/* Begin PBXVariantGroup section */
		6F9FCC0819F85B3A00392670 /* Main.storyboard */ = {
			isa = PBXVariantGroup;
			children = (
				6F9FCC0919F85B3A00392670 /* Base */,
			);
			name = Main.storyboard;
			sourceTree = "<group>";
		};
		6F9FCC0D19F85B3A00392670 /* LaunchScreen.xib */ = {
			isa = PBXVariantGroup;
			children = (
				6F9FCC0E19F85B3A00392670 /* Base */,
			);
			name = LaunchScreen.xib;
			sourceTree = "<group>";
		};
/* End PBXVariantGroup section */

/* Begin XCBuildConfiguration section */
		6F9FCC1C19F85B3A00392670 /* Debug */ = {
			isa = XCBuildConfiguration;
			buildSettings = {
				ALWAYS_SEARCH_USER_PATHS = NO;
				CLANG_CXX_LANGUAGE_STANDARD = "gnu++0x";
				CLANG_CXX_LIBRARY = "libc++";
				CLANG_ENABLE_MODULES = YES;
				CLANG_ENABLE_OBJC_ARC = YES;
				CLANG_WARN_BOOL_CONVERSION = YES;
				CLANG_WARN_CONSTANT_CONVERSION = YES;
				CLANG_WARN_DIRECT_OBJC_ISA_USAGE = YES_ERROR;
				CLANG_WARN_EMPTY_BODY = YES;
				CLANG_WARN_ENUM_CONVERSION = YES;
				CLANG_WARN_INT_CONVERSION = YES;
				CLANG_WARN_OBJC_ROOT_CLASS = YES_ERROR;
				CLANG_WARN_UNREACHABLE_CODE = YES;
				CLANG_WARN__DUPLICATE_METHOD_MATCH = YES;
				"CODE_SIGN_IDENTITY[sdk=iphoneos*]" = "iPhone Developer";
				COPY_PHASE_STRIP = NO;
				ENABLE_STRICT_OBJC_MSGSEND = YES;
				GCC_C_LANGUAGE_STANDARD = gnu99;
				GCC_DYNAMIC_NO_PIC = NO;
				GCC_OPTIMIZATION_LEVEL = 0;
				GCC_PREPROCESSOR_DEFINITIONS = (
					"DEBUG=1",
					"$(inherited)",
				);
				GCC_SYMBOLS_PRIVATE_EXTERN = NO;
				GCC_WARN_64_TO_32_BIT_CONVERSION = YES;
				GCC_WARN_ABOUT_RETURN_TYPE = YES_ERROR;
				GCC_WARN_UNDECLARED_SELECTOR = YES;
				GCC_WARN_UNINITIALIZED_AUTOS = YES_AGGRESSIVE;
				GCC_WARN_UNUSED_FUNCTION = YES;
				GCC_WARN_UNUSED_VARIABLE = YES;
				IPHONEOS_DEPLOYMENT_TARGET = 7.1;
				MTL_ENABLE_DEBUG_INFO = YES;
				ONLY_ACTIVE_ARCH = YES;
				SDKROOT = iphoneos;
				TARGETED_DEVICE_FAMILY = 2;
			};
			name = Debug;
		};
		6F9FCC1D19F85B3A00392670 /* Release */ = {
			isa = XCBuildConfiguration;
			buildSettings = {
				ALWAYS_SEARCH_USER_PATHS = NO;
				CLANG_CXX_LANGUAGE_STANDARD = "gnu++0x";
				CLANG_CXX_LIBRARY = "libc++";
				CLANG_ENABLE_MODULES = YES;
				CLANG_ENABLE_OBJC_ARC = YES;
				CLANG_WARN_BOOL_CONVERSION = YES;
				CLANG_WARN_CONSTANT_CONVERSION = YES;
				CLANG_WARN_DIRECT_OBJC_ISA_USAGE = YES_ERROR;
				CLANG_WARN_EMPTY_BODY = YES;
				CLANG_WARN_ENUM_CONVERSION = YES;
				CLANG_WARN_INT_CONVERSION = YES;
				CLANG_WARN_OBJC_ROOT_CLASS = YES_ERROR;
				CLANG_WARN_UNREACHABLE_CODE = YES;
				CLANG_WARN__DUPLICATE_METHOD_MATCH = YES;
				"CODE_SIGN_IDENTITY[sdk=iphoneos*]" = "iPhone Developer";
				COPY_PHASE_STRIP = YES;
				ENABLE_NS_ASSERTIONS = NO;
				ENABLE_STRICT_OBJC_MSGSEND = YES;
				GCC_C_LANGUAGE_STANDARD = gnu99;
				GCC_WARN_64_TO_32_BIT_CONVERSION = YES;
				GCC_WARN_ABOUT_RETURN_TYPE = YES_ERROR;
				GCC_WARN_UNDECLARED_SELECTOR = YES;
				GCC_WARN_UNINITIALIZED_AUTOS = YES_AGGRESSIVE;
				GCC_WARN_UNUSED_FUNCTION = YES;
				GCC_WARN_UNUSED_VARIABLE = YES;
				IPHONEOS_DEPLOYMENT_TARGET = 7.1;
				MTL_ENABLE_DEBUG_INFO = NO;
				SDKROOT = iphoneos;
				TARGETED_DEVICE_FAMILY = 2;
				VALIDATE_PRODUCT = YES;
			};
			name = Release;
		};
		6F9FCC1F19F85B3A00392670 /* Debug */ = {
			isa = XCBuildConfiguration;
			buildSettings = {
				ASSETCATALOG_COMPILER_APPICON_NAME = AppIcon;
				INFOPLIST_FILE = Spaceship_Armada_SANDBOX/Info.plist;
				IPHONEOS_DEPLOYMENT_TARGET = 7.1;
				LD_RUNPATH_SEARCH_PATHS = "$(inherited) @executable_path/Frameworks";
				PRODUCT_NAME = "$(TARGET_NAME)";
			};
			name = Debug;
		};
		6F9FCC2019F85B3A00392670 /* Release */ = {
			isa = XCBuildConfiguration;
			buildSettings = {
				ASSETCATALOG_COMPILER_APPICON_NAME = AppIcon;
				INFOPLIST_FILE = Spaceship_Armada_SANDBOX/Info.plist;
				IPHONEOS_DEPLOYMENT_TARGET = 7.1;
				LD_RUNPATH_SEARCH_PATHS = "$(inherited) @executable_path/Frameworks";
				PRODUCT_NAME = "$(TARGET_NAME)";
			};
			name = Release;
		};
		6F9FCC2219F85B3A00392670 /* Debug */ = {
			isa = XCBuildConfiguration;
			buildSettings = {
				BUNDLE_LOADER = "$(TEST_HOST)";
				FRAMEWORK_SEARCH_PATHS = (
					"$(SDKROOT)/Developer/Library/Frameworks",
					"$(inherited)",
				);
				GCC_PREPROCESSOR_DEFINITIONS = (
					"DEBUG=1",
					"$(inherited)",
				);
				INFOPLIST_FILE = Spaceship_Armada_SANDBOXTests/Info.plist;
				LD_RUNPATH_SEARCH_PATHS = "$(inherited) @executable_path/Frameworks @loader_path/Frameworks";
				PRODUCT_NAME = "$(TARGET_NAME)";
				TEST_HOST = "$(BUILT_PRODUCTS_DIR)/Spaceship_Armada_SANDBOX.app/Spaceship_Armada_SANDBOX";
			};
			name = Debug;
		};
		6F9FCC2319F85B3A00392670 /* Release */ = {
			isa = XCBuildConfiguration;
			buildSettings = {
				BUNDLE_LOADER = "$(TEST_HOST)";
				FRAMEWORK_SEARCH_PATHS = (
					"$(SDKROOT)/Developer/Library/Frameworks",
					"$(inherited)",
				);
				INFOPLIST_FILE = Spaceship_Armada_SANDBOXTests/Info.plist;
				LD_RUNPATH_SEARCH_PATHS = "$(inherited) @executable_path/Frameworks @loader_path/Frameworks";
				PRODUCT_NAME = "$(TARGET_NAME)";
				TEST_HOST = "$(BUILT_PRODUCTS_DIR)/Spaceship_Armada_SANDBOX.app/Spaceship_Armada_SANDBOX";
			};
			name = Release;
		};
/* End XCBuildConfiguration section */

/* Begin XCConfigurationList section */
		6F9FCBF119F85B3A00392670 /* Build configuration list for PBXProject "Spaceship_Armada_SANDBOX" */ = {
			isa = XCConfigurationList;
			buildConfigurations = (
				6F9FCC1C19F85B3A00392670 /* Debug */,
				6F9FCC1D19F85B3A00392670 /* Release */,
			);
			defaultConfigurationIsVisible = 0;
			defaultConfigurationName = Release;
		};
		6F9FCC1E19F85B3A00392670 /* Build configuration list for PBXNativeTarget "Spaceship_Armada_SANDBOX" */ = {
			isa = XCConfigurationList;
			buildConfigurations = (
				6F9FCC1F19F85B3A00392670 /* Debug */,
				6F9FCC2019F85B3A00392670 /* Release */,
			);
			defaultConfigurationIsVisible = 0;
			defaultConfigurationName = Release;
		};
		6F9FCC2119F85B3A00392670 /* Build configuration list for PBXNativeTarget "Spaceship_Armada_SANDBOXTests" */ = {
			isa = XCConfigurationList;
			buildConfigurations = (
				6F9FCC2219F85B3A00392670 /* Debug */,
				6F9FCC2319F85B3A00392670 /* Release */,
			);
			defaultConfigurationIsVisible = 0;
			defaultConfigurationName = Release;
		};
/* End XCConfigurationList section */
	};
	rootObject = 6F9FCBEE19F85B3A00392670 /* Project object */;
}
